// !$*UTF8*$!
{
	archiveVersion = 1;
	classes = {
	};
	objectVersion = 50;
	objects = {

/* Begin PBXBuildFile section */
		BA55301220CB09D300CF8416 /* AppDelegate.swift in Sources */ = {isa = PBXBuildFile; fileRef = BA55301120CB09D300CF8416 /* AppDelegate.swift */; };
		BA55301420CB09D300CF8416 /* ViewController.swift in Sources */ = {isa = PBXBuildFile; fileRef = BA55301320CB09D300CF8416 /* ViewController.swift */; };
		BA55301720CB09D300CF8416 /* Main.storyboard in Resources */ = {isa = PBXBuildFile; fileRef = BA55301520CB09D300CF8416 /* Main.storyboard */; };
		BA55301920CB09D300CF8416 /* Assets.xcassets in Resources */ = {isa = PBXBuildFile; fileRef = BA55301820CB09D300CF8416 /* Assets.xcassets */; };
		BA55301C20CB09D300CF8416 /* LaunchScreen.storyboard in Resources */ = {isa = PBXBuildFile; fileRef = BA55301A20CB09D300CF8416 /* LaunchScreen.storyboard */; };
		BAC432D320D2AED9000F3780 /* CatService.swift in Sources */ = {isa = PBXBuildFile; fileRef = BAC432D220D2AED9000F3780 /* CatService.swift */; };
/* End PBXBuildFile section */

/* Begin PBXFileReference section */
		BA55300E20CB09D300CF8416 /* CatViewer.app */ = {isa = PBXFileReference; explicitFileType = wrapper.application; includeInIndex = 0; path = CatViewer.app; sourceTree = BUILT_PRODUCTS_DIR; };
		BA55301120CB09D300CF8416 /* AppDelegate.swift */ = {isa = PBXFileReference; lastKnownFileType = sourcecode.swift; path = AppDelegate.swift; sourceTree = "<group>"; };
		BA55301320CB09D300CF8416 /* ViewController.swift */ = {isa = PBXFileReference; lastKnownFileType = sourcecode.swift; path = ViewController.swift; sourceTree = "<group>"; };
		BA55301620CB09D300CF8416 /* Base */ = {isa = PBXFileReference; lastKnownFileType = file.storyboard; name = Base; path = Base.lproj/Main.storyboard; sourceTree = "<group>"; };
		BA55301820CB09D300CF8416 /* Assets.xcassets */ = {isa = PBXFileReference; lastKnownFileType = folder.assetcatalog; path = Assets.xcassets; sourceTree = "<group>"; };
		BA55301B20CB09D300CF8416 /* Base */ = {isa = PBXFileReference; lastKnownFileType = file.storyboard; name = Base; path = Base.lproj/LaunchScreen.storyboard; sourceTree = "<group>"; };
		BA55301D20CB09D300CF8416 /* Info.plist */ = {isa = PBXFileReference; lastKnownFileType = text.plist.xml; path = Info.plist; sourceTree = "<group>"; };
		BAC432D220D2AED9000F3780 /* CatService.swift */ = {isa = PBXFileReference; lastKnownFileType = sourcecode.swift; path = CatService.swift; sourceTree = "<group>"; };
/* End PBXFileReference section */

/* Begin PBXFrameworksBuildPhase section */
		BA55300B20CB09D300CF8416 /* Frameworks */ = {
			isa = PBXFrameworksBuildPhase;
			buildActionMask = 2147483647;
			files = (
			);
			runOnlyForDeploymentPostprocessing = 0;
		};
/* End PBXFrameworksBuildPhase section */

/* Begin PBXGroup section */
		BA55300520CB09D200CF8416 = {
			isa = PBXGroup;
			children = (
				BA55301020CB09D300CF8416 /* CatViewer */,
				BA55300F20CB09D300CF8416 /* Products */,
			);
			sourceTree = "<group>";
		};
		BA55300F20CB09D300CF8416 /* Products */ = {
			isa = PBXGroup;
			children = (
				BA55300E20CB09D300CF8416 /* CatViewer.app */,
			);
			name = Products;
			sourceTree = "<group>";
		};
		BA55301020CB09D300CF8416 /* CatViewer */ = {
			isa = PBXGroup;
			children = (
				BA55301120CB09D300CF8416 /* AppDelegate.swift */,
				BA55301320CB09D300CF8416 /* ViewController.swift */,
				BA55301520CB09D300CF8416 /* Main.storyboard */,
				BA55301820CB09D300CF8416 /* Assets.xcassets */,
				BA55301A20CB09D300CF8416 /* LaunchScreen.storyboard */,
				BA55301D20CB09D300CF8416 /* Info.plist */,
				BAC432D220D2AED9000F3780 /* CatService.swift */,
			);
			path = CatViewer;
			sourceTree = "<group>";
		};
/* End PBXGroup section */

/* Begin PBXNativeTarget section */
		BA55300D20CB09D300CF8416 /* CatViewer */ = {
			isa = PBXNativeTarget;
			buildConfigurationList = BA55302020CB09D300CF8416 /* Build configuration list for PBXNativeTarget "CatViewer" */;
			buildPhases = (
				BA55300A20CB09D300CF8416 /* Sources */,
				BA55300B20CB09D300CF8416 /* Frameworks */,
				BA55300C20CB09D300CF8416 /* Resources */,
			);
			buildRules = (
			);
			dependencies = (
			);
			name = CatViewer;
			productName = CatViewer;
			productReference = BA55300E20CB09D300CF8416 /* CatViewer.app */;
			productType = "com.apple.product-type.application";
		};
/* End PBXNativeTarget section */

/* Begin PBXProject section */
		BA55300620CB09D200CF8416 /* Project object */ = {
			isa = PBXProject;
			attributes = {
				LastSwiftUpdateCheck = 0940;
				LastUpgradeCheck = 0940;
				ORGANIZATIONNAME = "Bright Mediums";
				TargetAttributes = {
					BA55300D20CB09D300CF8416 = {
						CreatedOnToolsVersion = 9.4;
					};
				};
			};
			buildConfigurationList = BA55300920CB09D200CF8416 /* Build configuration list for PBXProject "CatViewer" */;
			compatibilityVersion = "Xcode 9.3";
			developmentRegion = en;
			hasScannedForEncodings = 0;
			knownRegions = (
				en,
				Base,
			);
			mainGroup = BA55300520CB09D200CF8416;
			productRefGroup = BA55300F20CB09D300CF8416 /* Products */;
			projectDirPath = "";
			projectRoot = "";
			targets = (
				BA55300D20CB09D300CF8416 /* CatViewer */,
			);
		};
/* End PBXProject section */

/* Begin PBXResourcesBuildPhase section */
		BA55300C20CB09D300CF8416 /* Resources */ = {
			isa = PBXResourcesBuildPhase;
			buildActionMask = 2147483647;
			files = (
				BA55301C20CB09D300CF8416 /* LaunchScreen.storyboard in Resources */,
				BA55301920CB09D300CF8416 /* Assets.xcassets in Resources */,
				BA55301720CB09D300CF8416 /* Main.storyboard in Resources */,
			);
			runOnlyForDeploymentPostprocessing = 0;
		};
/* End PBXResourcesBuildPhase section */

/* Begin PBXSourcesBuildPhase section */
		BA55300A20CB09D300CF8416 /* Sources */ = {
			isa = PBXSourcesBuildPhase;
			buildActionMask = 2147483647;
			files = (
				BA55301420CB09D300CF8416 /* ViewController.swift in Sources */,
				BA55301220CB09D300CF8416 /* AppDelegate.swift in Sources */,
				BAC432D320D2AED9000F3780 /* CatService.swift in Sources */,
			);
			runOnlyForDeploymentPostprocessing = 0;
		};
/* End PBXSourcesBuildPhase section */

/* Begin PBXVariantGroup section */
		BA55301520CB09D300CF8416 /* Main.storyboard */ = {
			isa = PBXVariantGroup;
			children = (
				BA55301620CB09D300CF8416 /* Base */,
			);
			name = Main.storyboard;
			sourceTree = "<group>";
		};
		BA55301A20CB09D300CF8416 /* LaunchScreen.storyboard */ = {
			isa = PBXVariantGroup;
			children = (
				BA55301B20CB09D300CF8416 /* Base */,
			);
			name = LaunchScreen.storyboard;
			sourceTree = "<group>";
		};
/* End PBXVariantGroup section */

/* Begin XCBuildConfiguration section */
		BA55301E20CB09D300CF8416 /* Debug */ = {
			isa = XCBuildConfiguration;
			buildSettings = {
				ALWAYS_SEARCH_USER_PATHS = NO;
				CLANG_ANALYZER_NONNULL = YES;
				CLANG_ANALYZER_NUMBER_OBJECT_CONVERSION = YES_AGGRESSIVE;
				CLANG_CXX_LANGUAGE_STANDARD = "gnu++14";
				CLANG_CXX_LIBRARY = "libc++";
				CLANG_ENABLE_MODULES = YES;
				CLANG_ENABLE_OBJC_ARC = YES;
				CLANG_ENABLE_OBJC_WEAK = YES;
				CLANG_WARN_BLOCK_CAPTURE_AUTORELEASING = YES;
				CLANG_WARN_BOOL_CONVERSION = YES;
				CLANG_WARN_COMMA = YES;
				CLANG_WARN_CONSTANT_CONVERSION = YES;
				CLANG_WARN_DEPRECATED_OBJC_IMPLEMENTATIONS = YES;
				CLANG_WARN_DIRECT_OBJC_ISA_USAGE = YES_ERROR;
				CLANG_WARN_DOCUMENTATION_COMMENTS = YES;
				CLANG_WARN_EMPTY_BODY = YES;
				CLANG_WARN_ENUM_CONVERSION = YES;
				CLANG_WARN_INFINITE_RECURSION = YES;
				CLANG_WARN_INT_CONVERSION = YES;
				CLANG_WARN_NON_LITERAL_NULL_CONVERSION = YES;
				CLANG_WARN_OBJC_IMPLICIT_RETAIN_SELF = YES;
				CLANG_WARN_OBJC_LITERAL_CONVERSION = YES;
				CLANG_WARN_OBJC_ROOT_CLASS = YES_ERROR;
				CLANG_WARN_RANGE_LOOP_ANALYSIS = YES;
				CLANG_WARN_STRICT_PROTOTYPES = YES;
				CLANG_WARN_SUSPICIOUS_MOVE = YES;
				CLANG_WARN_UNGUARDED_AVAILABILITY = YES_AGGRESSIVE;
				CLANG_WARN_UNREACHABLE_CODE = YES;
				CLANG_WARN__DUPLICATE_METHOD_MATCH = YES;
				CODE_SIGN_IDENTITY = "iPhone Developer";
				COPY_PHASE_STRIP = NO;
				DEBUG_INFORMATION_FORMAT = dwarf;
				ENABLE_STRICT_OBJC_MSGSEND = YES;
				ENABLE_TESTABILITY = YES;
				GCC_C_LANGUAGE_STANDARD = gnu11;
				GCC_DYNAMIC_NO_PIC = NO;
				GCC_NO_COMMON_BLOCKS = YES;
				GCC_OPTIMIZATION_LEVEL = 0;
				GCC_PREPROCESSOR_DEFINITIONS = (
					"DEBUG=1",
					"$(inherited)",
				);
				GCC_WARN_64_TO_32_BIT_CONVERSION = YES;
				GCC_WARN_ABOUT_RETURN_TYPE = YES_ERROR;
				GCC_WARN_UNDECLARED_SELECTOR = YES;
				GCC_WARN_UNINITIALIZED_AUTOS = YES_AGGRESSIVE;
				GCC_WARN_UNUSED_FUNCTION = YES;
				GCC_WARN_UNUSED_VARIABLE = YES;
				IPHONEOS_DEPLOYMENT_TARGET = 11.4;
				MTL_ENABLE_DEBUG_INFO = YES;
				ONLY_ACTIVE_ARCH = YES;
				SDKROOT = iphoneos;
				SWIFT_ACTIVE_COMPILATION_CONDITIONS = DEBUG;
				SWIFT_OPTIMIZATION_LEVEL = "-Onone";
			};
			name = Debug;
		};
		BA55301F20CB09D300CF8416 /* Release */ = {
			isa = XCBuildConfiguration;
			buildSettings = {
				ALWAYS_SEARCH_USER_PATHS = NO;
				CLANG_ANALYZER_NONNULL = YES;
				CLANG_ANALYZER_NUMBER_OBJECT_CONVERSION = YES_AGGRESSIVE;
				CLANG_CXX_LANGUAGE_STANDARD = "gnu++14";
				CLANG_CXX_LIBRARY = "libc++";
				CLANG_ENABLE_MODULES = YES;
				CLANG_ENABLE_OBJC_ARC = YES;
				CLANG_ENABLE_OBJC_WEAK = YES;
				CLANG_WARN_BLOCK_CAPTURE_AUTORELEASING = YES;
				CLANG_WARN_BOOL_CONVERSION = YES;
				CLANG_WARN_COMMA = YES;
				CLANG_WARN_CONSTANT_CONVERSION = YES;
				CLANG_WARN_DEPRECATED_OBJC_IMPLEMENTATIONS = YES;
				CLANG_WARN_DIRECT_OBJC_ISA_USAGE = YES_ERROR;
				CLANG_WARN_DOCUMENTATION_COMMENTS = YES;
				CLANG_WARN_EMPTY_BODY = YES;
				CLANG_WARN_ENUM_CONVERSION = YES;
				CLANG_WARN_INFINITE_RECURSION = YES;
				CLANG_WARN_INT_CONVERSION = YES;
				CLANG_WARN_NON_LITERAL_NULL_CONVERSION = YES;
				CLANG_WARN_OBJC_IMPLICIT_RETAIN_SELF = YES;
				CLANG_WARN_OBJC_LITERAL_CONVERSION = YES;
				CLANG_WARN_OBJC_ROOT_CLASS = YES_ERROR;
				CLANG_WARN_RANGE_LOOP_ANALYSIS = YES;
				CLANG_WARN_STRICT_PROTOTYPES = YES;
				CLANG_WARN_SUSPICIOUS_MOVE = YES;
				CLANG_WARN_UNGUARDED_AVAILABILITY = YES_AGGRESSIVE;
				CLANG_WARN_UNREACHABLE_CODE = YES;
				CLANG_WARN__DUPLICATE_METHOD_MATCH = YES;
				CODE_SIGN_IDENTITY = "iPhone Developer";
				COPY_PHASE_STRIP = NO;
				DEBUG_INFORMATION_FORMAT = "dwarf-with-dsym";
				ENABLE_NS_ASSERTIONS = NO;
				ENABLE_STRICT_OBJC_MSGSEND = YES;
				GCC_C_LANGUAGE_STANDARD = gnu11;
				GCC_NO_COMMON_BLOCKS = YES;
				GCC_WARN_64_TO_32_BIT_CONVERSION = YES;
				GCC_WARN_ABOUT_RETURN_TYPE = YES_ERROR;
				GCC_WARN_UNDECLARED_SELECTOR = YES;
				GCC_WARN_UNINITIALIZED_AUTOS = YES_AGGRESSIVE;
				GCC_WARN_UNUSED_FUNCTION = YES;
				GCC_WARN_UNUSED_VARIABLE = YES;
				IPHONEOS_DEPLOYMENT_TARGET = 11.4;
				MTL_ENABLE_DEBUG_INFO = NO;
				SDKROOT = iphoneos;
				SWIFT_COMPILATION_MODE = wholemodule;
				SWIFT_OPTIMIZATION_LEVEL = "-O";
				VALIDATE_PRODUCT = YES;
			};
			name = Release;
		};
		BA55302120CB09D300CF8416 /* Debug */ = {
			isa = XCBuildConfiguration;
			buildSettings = {
				ASSETCATALOG_COMPILER_APPICON_NAME = AppIcon;
				CODE_SIGN_STYLE = Automatic;
				DEVELOPMENT_TEAM = PVR9HX5Y9T;
				INFOPLIST_FILE = CatViewer/Info.plist;
				LD_RUNPATH_SEARCH_PATHS = (
					"$(inherited)",
					"@executable_path/Frameworks",
				);
				PRODUCT_BUNDLE_IDENTIFIER = com.brightmediums.CatViewer;
				PRODUCT_NAME = "$(TARGET_NAME)";
				SWIFT_VERSION = 4.0;
				TARGETED_DEVICE_FAMILY = "1,2";
			};
			name = Debug;
		};
		BA55302220CB09D300CF8416 /* Release */ = {
			isa = XCBuildConfiguration;
			buildSettings = {
				ASSETCATALOG_COMPILER_APPICON_NAME = AppIcon;
				CODE_SIGN_STYLE = Automatic;
				DEVELOPMENT_TEAM = PVR9HX5Y9T;
				INFOPLIST_FILE = CatViewer/Info.plist;
				LD_RUNPATH_SEARCH_PATHS = (
					"$(inherited)",
					"@executable_path/Frameworks",
				);
				PRODUCT_BUNDLE_IDENTIFIER = com.brightmediums.CatViewer;
				PRODUCT_NAME = "$(TARGET_NAME)";
				SWIFT_VERSION = 4.0;
				TARGETED_DEVICE_FAMILY = "1,2";
			};
			name = Release;
		};
/* End XCBuildConfiguration section */

/* Begin XCConfigurationList section */
		BA55300920CB09D200CF8416 /* Build configuration list for PBXProject "CatViewer" */ = {
			isa = XCConfigurationList;
			buildConfigurations = (
				BA55301E20CB09D300CF8416 /* Debug */,
				BA55301F20CB09D300CF8416 /* Release */,
			);
			defaultConfigurationIsVisible = 0;
			defaultConfigurationName = Release;
		};
		BA55302020CB09D300CF8416 /* Build configuration list for PBXNativeTarget "CatViewer" */ = {
			isa = XCConfigurationList;
			buildConfigurations = (
				BA55302120CB09D300CF8416 /* Debug */,
				BA55302220CB09D300CF8416 /* Release */,
			);
			defaultConfigurationIsVisible = 0;
			defaultConfigurationName = Release;
		};
/* End XCConfigurationList section */
	};
	rootObject = BA55300620CB09D200CF8416 /* Project object */;
}
