// !$*UTF8*$!
{
	archiveVersion = 1;
	classes = {
	};
	objectVersion = 50;
	objects = {

/* Begin PBXBuildFile section */
		9C2D7910DC11365141F874C1 /* Pods_AudioScrubber.framework in Frameworks */ = {isa = PBXBuildFile; fileRef = E2DE41B31050CA86D8027F2B /* Pods_AudioScrubber.framework */; };
		BA74D9F720DC371600A7503C /* AppDelegate.swift in Sources */ = {isa = PBXBuildFile; fileRef = BA74D9F620DC371600A7503C /* AppDelegate.swift */; };
		BA74D9F920DC371600A7503C /* ViewController.swift in Sources */ = {isa = PBXBuildFile; fileRef = BA74D9F820DC371600A7503C /* ViewController.swift */; };
		BA74D9FC20DC371600A7503C /* Main.storyboard in Resources */ = {isa = PBXBuildFile; fileRef = BA74D9FA20DC371600A7503C /* Main.storyboard */; };
		BA74D9FE20DC371600A7503C /* Assets.xcassets in Resources */ = {isa = PBXBuildFile; fileRef = BA74D9FD20DC371600A7503C /* Assets.xcassets */; };
		BA74DA0120DC371600A7503C /* LaunchScreen.storyboard in Resources */ = {isa = PBXBuildFile; fileRef = BA74D9FF20DC371600A7503C /* LaunchScreen.storyboard */; };
		BA74DA0920DD892B00A7503C /* waveform_data.json in Resources */ = {isa = PBXBuildFile; fileRef = BA74DA0820DD892B00A7503C /* waveform_data.json */; };
		BACA79A320E66A9B0028CFC9 /* PaddingLabel.swift in Sources */ = {isa = PBXBuildFile; fileRef = BACA79A220E66A9B0028CFC9 /* PaddingLabel.swift */; };
/* End PBXBuildFile section */

/* Begin PBXFileReference section */
		3637AB7FA3D1505D162CAB6F /* Pods-AudioScrubber.debug.xcconfig */ = {isa = PBXFileReference; includeInIndex = 1; lastKnownFileType = text.xcconfig; name = "Pods-AudioScrubber.debug.xcconfig"; path = "Pods/Target Support Files/Pods-AudioScrubber/Pods-AudioScrubber.debug.xcconfig"; sourceTree = "<group>"; };
		BA74D9F320DC371600A7503C /* AudioScrubber.app */ = {isa = PBXFileReference; explicitFileType = wrapper.application; includeInIndex = 0; path = AudioScrubber.app; sourceTree = BUILT_PRODUCTS_DIR; };
		BA74D9F620DC371600A7503C /* AppDelegate.swift */ = {isa = PBXFileReference; lastKnownFileType = sourcecode.swift; path = AppDelegate.swift; sourceTree = "<group>"; };
		BA74D9F820DC371600A7503C /* ViewController.swift */ = {isa = PBXFileReference; lastKnownFileType = sourcecode.swift; path = ViewController.swift; sourceTree = "<group>"; };
		BA74D9FB20DC371600A7503C /* Base */ = {isa = PBXFileReference; lastKnownFileType = file.storyboard; name = Base; path = Base.lproj/Main.storyboard; sourceTree = "<group>"; };
		BA74D9FD20DC371600A7503C /* Assets.xcassets */ = {isa = PBXFileReference; lastKnownFileType = folder.assetcatalog; path = Assets.xcassets; sourceTree = "<group>"; };
		BA74DA0020DC371600A7503C /* Base */ = {isa = PBXFileReference; lastKnownFileType = file.storyboard; name = Base; path = Base.lproj/LaunchScreen.storyboard; sourceTree = "<group>"; };
		BA74DA0220DC371600A7503C /* Info.plist */ = {isa = PBXFileReference; lastKnownFileType = text.plist.xml; path = Info.plist; sourceTree = "<group>"; };
		BA74DA0820DD892B00A7503C /* waveform_data.json */ = {isa = PBXFileReference; fileEncoding = 4; lastKnownFileType = text.json; path = waveform_data.json; sourceTree = SOURCE_ROOT; };
		BACA79A220E66A9B0028CFC9 /* PaddingLabel.swift */ = {isa = PBXFileReference; lastKnownFileType = sourcecode.swift; path = PaddingLabel.swift; sourceTree = "<group>"; };
		DD2B356620DF770D0B9FAE5A /* Pods-AudioScrubber.release.xcconfig */ = {isa = PBXFileReference; includeInIndex = 1; lastKnownFileType = text.xcconfig; name = "Pods-AudioScrubber.release.xcconfig"; path = "Pods/Target Support Files/Pods-AudioScrubber/Pods-AudioScrubber.release.xcconfig"; sourceTree = "<group>"; };
		E2DE41B31050CA86D8027F2B /* Pods_AudioScrubber.framework */ = {isa = PBXFileReference; explicitFileType = wrapper.framework; includeInIndex = 0; path = Pods_AudioScrubber.framework; sourceTree = BUILT_PRODUCTS_DIR; };
/* End PBXFileReference section */

/* Begin PBXFrameworksBuildPhase section */
		BA74D9F020DC371600A7503C /* Frameworks */ = {
			isa = PBXFrameworksBuildPhase;
			buildActionMask = 2147483647;
			files = (
				9C2D7910DC11365141F874C1 /* Pods_AudioScrubber.framework in Frameworks */,
			);
			runOnlyForDeploymentPostprocessing = 0;
		};
/* End PBXFrameworksBuildPhase section */

/* Begin PBXGroup section */
		02A979DFC412DB849DD23C13 /* Frameworks */ = {
			isa = PBXGroup;
			children = (
				E2DE41B31050CA86D8027F2B /* Pods_AudioScrubber.framework */,
			);
			name = Frameworks;
			sourceTree = "<group>";
		};
		A6621B74756B6CA466C062B5 /* Pods */ = {
			isa = PBXGroup;
			children = (
				3637AB7FA3D1505D162CAB6F /* Pods-AudioScrubber.debug.xcconfig */,
				DD2B356620DF770D0B9FAE5A /* Pods-AudioScrubber.release.xcconfig */,
			);
			name = Pods;
			sourceTree = "<group>";
		};
		BA74D9EA20DC371600A7503C = {
			isa = PBXGroup;
			children = (
				BA74D9F520DC371600A7503C /* AudioScrubber */,
				BA74D9F420DC371600A7503C /* Products */,
				A6621B74756B6CA466C062B5 /* Pods */,
				02A979DFC412DB849DD23C13 /* Frameworks */,
			);
			sourceTree = "<group>";
		};
		BA74D9F420DC371600A7503C /* Products */ = {
			isa = PBXGroup;
			children = (
				BA74D9F320DC371600A7503C /* AudioScrubber.app */,
			);
			name = Products;
			sourceTree = "<group>";
		};
		BA74D9F520DC371600A7503C /* AudioScrubber */ = {
			isa = PBXGroup;
			children = (
				BA74DA0820DD892B00A7503C /* waveform_data.json */,
				BA74D9F620DC371600A7503C /* AppDelegate.swift */,
				BA74D9F820DC371600A7503C /* ViewController.swift */,
				BA74D9FA20DC371600A7503C /* Main.storyboard */,
				BA74D9FD20DC371600A7503C /* Assets.xcassets */,
				BA74D9FF20DC371600A7503C /* LaunchScreen.storyboard */,
				BA74DA0220DC371600A7503C /* Info.plist */,
				BACA79A220E66A9B0028CFC9 /* PaddingLabel.swift */,
			);
			path = AudioScrubber;
			sourceTree = "<group>";
		};
/* End PBXGroup section */

/* Begin PBXNativeTarget section */
		BA74D9F220DC371600A7503C /* AudioScrubber */ = {
			isa = PBXNativeTarget;
			buildConfigurationList = BA74DA0520DC371600A7503C /* Build configuration list for PBXNativeTarget "AudioScrubber" */;
			buildPhases = (
				13772D02CB3092DBE590DD31 /* [CP] Check Pods Manifest.lock */,
				BA74D9EF20DC371600A7503C /* Sources */,
				BA74D9F020DC371600A7503C /* Frameworks */,
				BA74D9F120DC371600A7503C /* Resources */,
				4FC69BBFB84926203EFD0ADC /* [CP] Embed Pods Frameworks */,
			);
			buildRules = (
			);
			dependencies = (
			);
			name = AudioScrubber;
			productName = AudioScrubber;
			productReference = BA74D9F320DC371600A7503C /* AudioScrubber.app */;
			productType = "com.apple.product-type.application";
		};
/* End PBXNativeTarget section */

/* Begin PBXProject section */
		BA74D9EB20DC371600A7503C /* Project object */ = {
			isa = PBXProject;
			attributes = {
				LastSwiftUpdateCheck = 0940;
				LastUpgradeCheck = 0940;
				ORGANIZATIONNAME = "Bright Mediums";
				TargetAttributes = {
					BA74D9F220DC371600A7503C = {
						CreatedOnToolsVersion = 9.4;
					};
				};
			};
			buildConfigurationList = BA74D9EE20DC371600A7503C /* Build configuration list for PBXProject "AudioScrubber" */;
			compatibilityVersion = "Xcode 9.3";
			developmentRegion = en;
			hasScannedForEncodings = 0;
			knownRegions = (
				en,
				Base,
			);
			mainGroup = BA74D9EA20DC371600A7503C;
			productRefGroup = BA74D9F420DC371600A7503C /* Products */;
			projectDirPath = "";
			projectRoot = "";
			targets = (
				BA74D9F220DC371600A7503C /* AudioScrubber */,
			);
		};
/* End PBXProject section */

/* Begin PBXResourcesBuildPhase section */
		BA74D9F120DC371600A7503C /* Resources */ = {
			isa = PBXResourcesBuildPhase;
			buildActionMask = 2147483647;
			files = (
				BA74DA0120DC371600A7503C /* LaunchScreen.storyboard in Resources */,
				BA74D9FE20DC371600A7503C /* Assets.xcassets in Resources */,
				BA74DA0920DD892B00A7503C /* waveform_data.json in Resources */,
				BA74D9FC20DC371600A7503C /* Main.storyboard in Resources */,
			);
			runOnlyForDeploymentPostprocessing = 0;
		};
/* End PBXResourcesBuildPhase section */

/* Begin PBXShellScriptBuildPhase section */
		13772D02CB3092DBE590DD31 /* [CP] Check Pods Manifest.lock */ = {
			isa = PBXShellScriptBuildPhase;
			buildActionMask = 2147483647;
			files = (
			);
			inputPaths = (
				"${PODS_PODFILE_DIR_PATH}/Podfile.lock",
				"${PODS_ROOT}/Manifest.lock",
			);
			name = "[CP] Check Pods Manifest.lock";
			outputPaths = (
				"$(DERIVED_FILE_DIR)/Pods-AudioScrubber-checkManifestLockResult.txt",
			);
			runOnlyForDeploymentPostprocessing = 0;
			shellPath = /bin/sh;
			shellScript = "diff \"${PODS_PODFILE_DIR_PATH}/Podfile.lock\" \"${PODS_ROOT}/Manifest.lock\" > /dev/null\nif [ $? != 0 ] ; then\n    # print error to STDERR\n    echo \"error: The sandbox is not in sync with the Podfile.lock. Run 'pod install' or update your CocoaPods installation.\" >&2\n    exit 1\nfi\n# This output is used by Xcode 'outputs' to avoid re-running this script phase.\necho \"SUCCESS\" > \"${SCRIPT_OUTPUT_FILE_0}\"\n";
			showEnvVarsInLog = 0;
		};
		4FC69BBFB84926203EFD0ADC /* [CP] Embed Pods Frameworks */ = {
			isa = PBXShellScriptBuildPhase;
			buildActionMask = 2147483647;
			files = (
			);
			inputPaths = (
				"${SRCROOT}/Pods/Target Support Files/Pods-AudioScrubber/Pods-AudioScrubber-frameworks.sh",
				"${BUILT_PRODUCTS_DIR}/SwiftyJSON/SwiftyJSON.framework",
			);
			name = "[CP] Embed Pods Frameworks";
			outputPaths = (
				"${TARGET_BUILD_DIR}/${FRAMEWORKS_FOLDER_PATH}/SwiftyJSON.framework",
			);
			runOnlyForDeploymentPostprocessing = 0;
			shellPath = /bin/sh;
			shellScript = "\"${SRCROOT}/Pods/Target Support Files/Pods-AudioScrubber/Pods-AudioScrubber-frameworks.sh\"\n";
			showEnvVarsInLog = 0;
		};
/* End PBXShellScriptBuildPhase section */

/* Begin PBXSourcesBuildPhase section */
		BA74D9EF20DC371600A7503C /* Sources */ = {
			isa = PBXSourcesBuildPhase;
			buildActionMask = 2147483647;
			files = (
				BACA79A320E66A9B0028CFC9 /* PaddingLabel.swift in Sources */,
				BA74D9F920DC371600A7503C /* ViewController.swift in Sources */,
				BA74D9F720DC371600A7503C /* AppDelegate.swift in Sources */,
			);
			runOnlyForDeploymentPostprocessing = 0;
		};
/* End PBXSourcesBuildPhase section */

/* Begin PBXVariantGroup section */
		BA74D9FA20DC371600A7503C /* Main.storyboard */ = {
			isa = PBXVariantGroup;
			children = (
				BA74D9FB20DC371600A7503C /* Base */,
			);
			name = Main.storyboard;
			sourceTree = "<group>";
		};
		BA74D9FF20DC371600A7503C /* LaunchScreen.storyboard */ = {
			isa = PBXVariantGroup;
			children = (
				BA74DA0020DC371600A7503C /* Base */,
			);
			name = LaunchScreen.storyboard;
			sourceTree = "<group>";
		};
/* End PBXVariantGroup section */

/* Begin XCBuildConfiguration section */
		BA74DA0320DC371600A7503C /* Debug */ = {
			isa = XCBuildConfiguration;
			buildSettings = {
				ALWAYS_SEARCH_USER_PATHS = NO;
				CLANG_ANALYZER_NONNULL = YES;
				CLANG_ANALYZER_NUMBER_OBJECT_CONVERSION = YES_AGGRESSIVE;
				CLANG_CXX_LANGUAGE_STANDARD = "gnu++14";
				CLANG_CXX_LIBRARY = "libc++";
				CLANG_ENABLE_MODULES = YES;
				CLANG_ENABLE_OBJC_ARC = YES;
				CLANG_ENABLE_OBJC_WEAK = YES;
				CLANG_WARN_BLOCK_CAPTURE_AUTORELEASING = YES;
				CLANG_WARN_BOOL_CONVERSION = YES;
				CLANG_WARN_COMMA = YES;
				CLANG_WARN_CONSTANT_CONVERSION = YES;
				CLANG_WARN_DEPRECATED_OBJC_IMPLEMENTATIONS = YES;
				CLANG_WARN_DIRECT_OBJC_ISA_USAGE = YES_ERROR;
				CLANG_WARN_DOCUMENTATION_COMMENTS = YES;
				CLANG_WARN_EMPTY_BODY = YES;
				CLANG_WARN_ENUM_CONVERSION = YES;
				CLANG_WARN_INFINITE_RECURSION = YES;
				CLANG_WARN_INT_CONVERSION = YES;
				CLANG_WARN_NON_LITERAL_NULL_CONVERSION = YES;
				CLANG_WARN_OBJC_IMPLICIT_RETAIN_SELF = YES;
				CLANG_WARN_OBJC_LITERAL_CONVERSION = YES;
				CLANG_WARN_OBJC_ROOT_CLASS = YES_ERROR;
				CLANG_WARN_RANGE_LOOP_ANALYSIS = YES;
				CLANG_WARN_STRICT_PROTOTYPES = YES;
				CLANG_WARN_SUSPICIOUS_MOVE = YES;
				CLANG_WARN_UNGUARDED_AVAILABILITY = YES_AGGRESSIVE;
				CLANG_WARN_UNREACHABLE_CODE = YES;
				CLANG_WARN__DUPLICATE_METHOD_MATCH = YES;
				CODE_SIGN_IDENTITY = "iPhone Developer";
				COPY_PHASE_STRIP = NO;
				DEBUG_INFORMATION_FORMAT = dwarf;
				ENABLE_STRICT_OBJC_MSGSEND = YES;
				ENABLE_TESTABILITY = YES;
				GCC_C_LANGUAGE_STANDARD = gnu11;
				GCC_DYNAMIC_NO_PIC = NO;
				GCC_NO_COMMON_BLOCKS = YES;
				GCC_OPTIMIZATION_LEVEL = 0;
				GCC_PREPROCESSOR_DEFINITIONS = (
					"DEBUG=1",
					"$(inherited)",
				);
				GCC_WARN_64_TO_32_BIT_CONVERSION = YES;
				GCC_WARN_ABOUT_RETURN_TYPE = YES_ERROR;
				GCC_WARN_UNDECLARED_SELECTOR = YES;
				GCC_WARN_UNINITIALIZED_AUTOS = YES_AGGRESSIVE;
				GCC_WARN_UNUSED_FUNCTION = YES;
				GCC_WARN_UNUSED_VARIABLE = YES;
				IPHONEOS_DEPLOYMENT_TARGET = 11.4;
				MTL_ENABLE_DEBUG_INFO = YES;
				ONLY_ACTIVE_ARCH = YES;
				SDKROOT = iphoneos;
				SWIFT_ACTIVE_COMPILATION_CONDITIONS = DEBUG;
				SWIFT_OPTIMIZATION_LEVEL = "-Onone";
			};
			name = Debug;
		};
		BA74DA0420DC371600A7503C /* Release */ = {
			isa = XCBuildConfiguration;
			buildSettings = {
				ALWAYS_SEARCH_USER_PATHS = NO;
				CLANG_ANALYZER_NONNULL = YES;
				CLANG_ANALYZER_NUMBER_OBJECT_CONVERSION = YES_AGGRESSIVE;
				CLANG_CXX_LANGUAGE_STANDARD = "gnu++14";
				CLANG_CXX_LIBRARY = "libc++";
				CLANG_ENABLE_MODULES = YES;
				CLANG_ENABLE_OBJC_ARC = YES;
				CLANG_ENABLE_OBJC_WEAK = YES;
				CLANG_WARN_BLOCK_CAPTURE_AUTORELEASING = YES;
				CLANG_WARN_BOOL_CONVERSION = YES;
				CLANG_WARN_COMMA = YES;
				CLANG_WARN_CONSTANT_CONVERSION = YES;
				CLANG_WARN_DEPRECATED_OBJC_IMPLEMENTATIONS = YES;
				CLANG_WARN_DIRECT_OBJC_ISA_USAGE = YES_ERROR;
				CLANG_WARN_DOCUMENTATION_COMMENTS = YES;
				CLANG_WARN_EMPTY_BODY = YES;
				CLANG_WARN_ENUM_CONVERSION = YES;
				CLANG_WARN_INFINITE_RECURSION = YES;
				CLANG_WARN_INT_CONVERSION = YES;
				CLANG_WARN_NON_LITERAL_NULL_CONVERSION = YES;
				CLANG_WARN_OBJC_IMPLICIT_RETAIN_SELF = YES;
				CLANG_WARN_OBJC_LITERAL_CONVERSION = YES;
				CLANG_WARN_OBJC_ROOT_CLASS = YES_ERROR;
				CLANG_WARN_RANGE_LOOP_ANALYSIS = YES;
				CLANG_WARN_STRICT_PROTOTYPES = YES;
				CLANG_WARN_SUSPICIOUS_MOVE = YES;
				CLANG_WARN_UNGUARDED_AVAILABILITY = YES_AGGRESSIVE;
				CLANG_WARN_UNREACHABLE_CODE = YES;
				CLANG_WARN__DUPLICATE_METHOD_MATCH = YES;
				CODE_SIGN_IDENTITY = "iPhone Developer";
				COPY_PHASE_STRIP = NO;
				DEBUG_INFORMATION_FORMAT = "dwarf-with-dsym";
				ENABLE_NS_ASSERTIONS = NO;
				ENABLE_STRICT_OBJC_MSGSEND = YES;
				GCC_C_LANGUAGE_STANDARD = gnu11;
				GCC_NO_COMMON_BLOCKS = YES;
				GCC_WARN_64_TO_32_BIT_CONVERSION = YES;
				GCC_WARN_ABOUT_RETURN_TYPE = YES_ERROR;
				GCC_WARN_UNDECLARED_SELECTOR = YES;
				GCC_WARN_UNINITIALIZED_AUTOS = YES_AGGRESSIVE;
				GCC_WARN_UNUSED_FUNCTION = YES;
				GCC_WARN_UNUSED_VARIABLE = YES;
				IPHONEOS_DEPLOYMENT_TARGET = 11.4;
				MTL_ENABLE_DEBUG_INFO = NO;
				SDKROOT = iphoneos;
				SWIFT_COMPILATION_MODE = wholemodule;
				SWIFT_OPTIMIZATION_LEVEL = "-O";
				VALIDATE_PRODUCT = YES;
			};
			name = Release;
		};
		BA74DA0620DC371600A7503C /* Debug */ = {
			isa = XCBuildConfiguration;
			baseConfigurationReference = 3637AB7FA3D1505D162CAB6F /* Pods-AudioScrubber.debug.xcconfig */;
			buildSettings = {
				ASSETCATALOG_COMPILER_APPICON_NAME = AppIcon;
				CODE_SIGN_STYLE = Automatic;
				DEVELOPMENT_TEAM = PVR9HX5Y9T;
				INFOPLIST_FILE = AudioScrubber/Info.plist;
				LD_RUNPATH_SEARCH_PATHS = (
					"$(inherited)",
					"@executable_path/Frameworks",
				);
				PRODUCT_BUNDLE_IDENTIFIER = com.brightmediums.AudioScrubber;
				PRODUCT_NAME = "$(TARGET_NAME)";
				SWIFT_VERSION = 4.0;
				TARGETED_DEVICE_FAMILY = "1,2";
			};
			name = Debug;
		};
		BA74DA0720DC371600A7503C /* Release */ = {
			isa = XCBuildConfiguration;
			baseConfigurationReference = DD2B356620DF770D0B9FAE5A /* Pods-AudioScrubber.release.xcconfig */;
			buildSettings = {
				ASSETCATALOG_COMPILER_APPICON_NAME = AppIcon;
				CODE_SIGN_STYLE = Automatic;
				DEVELOPMENT_TEAM = PVR9HX5Y9T;
				INFOPLIST_FILE = AudioScrubber/Info.plist;
				LD_RUNPATH_SEARCH_PATHS = (
					"$(inherited)",
					"@executable_path/Frameworks",
				);
				PRODUCT_BUNDLE_IDENTIFIER = com.brightmediums.AudioScrubber;
				PRODUCT_NAME = "$(TARGET_NAME)";
				SWIFT_VERSION = 4.0;
				TARGETED_DEVICE_FAMILY = "1,2";
			};
			name = Release;
		};
/* End XCBuildConfiguration section */

/* Begin XCConfigurationList section */
		BA74D9EE20DC371600A7503C /* Build configuration list for PBXProject "AudioScrubber" */ = {
			isa = XCConfigurationList;
			buildConfigurations = (
				BA74DA0320DC371600A7503C /* Debug */,
				BA74DA0420DC371600A7503C /* Release */,
			);
			defaultConfigurationIsVisible = 0;
			defaultConfigurationName = Release;
		};
		BA74DA0520DC371600A7503C /* Build configuration list for PBXNativeTarget "AudioScrubber" */ = {
			isa = XCConfigurationList;
			buildConfigurations = (
				BA74DA0620DC371600A7503C /* Debug */,
				BA74DA0720DC371600A7503C /* Release */,
			);
			defaultConfigurationIsVisible = 0;
			defaultConfigurationName = Release;
		};
/* End XCConfigurationList section */
	};
	rootObject = BA74D9EB20DC371600A7503C /* Project object */;
}
