// !$*UTF8*$!
{
	archiveVersion = 1;
	classes = {
	};
	objectVersion = 50;
	objects = {

/* Begin PBXBuildFile section */
		BA6D862520EEC412002653FD /* UIImageExtensions.swift in Sources */ = {isa = PBXBuildFile; fileRef = BA6D862420EEC412002653FD /* UIImageExtensions.swift */; };
		BACA79D120EA62FB0028CFC9 /* AppDelegate.swift in Sources */ = {isa = PBXBuildFile; fileRef = BACA79D020EA62FB0028CFC9 /* AppDelegate.swift */; };
		BACA79D320EA62FB0028CFC9 /* ViewController.swift in Sources */ = {isa = PBXBuildFile; fileRef = BACA79D220EA62FB0028CFC9 /* ViewController.swift */; };
		BACA79D620EA62FB0028CFC9 /* Main.storyboard in Resources */ = {isa = PBXBuildFile; fileRef = BACA79D420EA62FB0028CFC9 /* Main.storyboard */; };
		BACA79D820EA62FC0028CFC9 /* Assets.xcassets in Resources */ = {isa = PBXBuildFile; fileRef = BACA79D720EA62FC0028CFC9 /* Assets.xcassets */; };
		BACA79DB20EA62FC0028CFC9 /* LaunchScreen.storyboard in Resources */ = {isa = PBXBuildFile; fileRef = BACA79D920EA62FC0028CFC9 /* LaunchScreen.storyboard */; };
		BACA79EF20EBCF080028CFC9 /* PaddingLabel.swift in Sources */ = {isa = PBXBuildFile; fileRef = BACA79EE20EBCF080028CFC9 /* PaddingLabel.swift */; };
		BACA79F120EE73CC0028CFC9 /* AudioScrubberController.swift in Sources */ = {isa = PBXBuildFile; fileRef = BACA79F020EE73CC0028CFC9 /* AudioScrubberController.swift */; };
/* End PBXBuildFile section */

/* Begin PBXFileReference section */
		BA6D862420EEC412002653FD /* UIImageExtensions.swift */ = {isa = PBXFileReference; fileEncoding = 4; lastKnownFileType = sourcecode.swift; path = UIImageExtensions.swift; sourceTree = "<group>"; };
		BACA79CD20EA62FB0028CFC9 /* AudioCloud.app */ = {isa = PBXFileReference; explicitFileType = wrapper.application; includeInIndex = 0; path = AudioCloud.app; sourceTree = BUILT_PRODUCTS_DIR; };
		BACA79D020EA62FB0028CFC9 /* AppDelegate.swift */ = {isa = PBXFileReference; lastKnownFileType = sourcecode.swift; path = AppDelegate.swift; sourceTree = "<group>"; };
		BACA79D220EA62FB0028CFC9 /* ViewController.swift */ = {isa = PBXFileReference; lastKnownFileType = sourcecode.swift; path = ViewController.swift; sourceTree = "<group>"; usesTabs = 0; };
		BACA79D520EA62FB0028CFC9 /* Base */ = {isa = PBXFileReference; lastKnownFileType = file.storyboard; name = Base; path = Base.lproj/Main.storyboard; sourceTree = "<group>"; };
		BACA79D720EA62FC0028CFC9 /* Assets.xcassets */ = {isa = PBXFileReference; lastKnownFileType = folder.assetcatalog; path = Assets.xcassets; sourceTree = "<group>"; };
		BACA79DA20EA62FC0028CFC9 /* Base */ = {isa = PBXFileReference; lastKnownFileType = file.storyboard; name = Base; path = Base.lproj/LaunchScreen.storyboard; sourceTree = "<group>"; };
		BACA79DC20EA62FC0028CFC9 /* Info.plist */ = {isa = PBXFileReference; lastKnownFileType = text.plist.xml; path = Info.plist; sourceTree = "<group>"; };
		BACA79EE20EBCF080028CFC9 /* PaddingLabel.swift */ = {isa = PBXFileReference; lastKnownFileType = sourcecode.swift; path = PaddingLabel.swift; sourceTree = "<group>"; };
		BACA79F020EE73CC0028CFC9 /* AudioScrubberController.swift */ = {isa = PBXFileReference; lastKnownFileType = sourcecode.swift; path = AudioScrubberController.swift; sourceTree = "<group>"; };
/* End PBXFileReference section */

/* Begin PBXFrameworksBuildPhase section */
		BACA79CA20EA62FB0028CFC9 /* Frameworks */ = {
			isa = PBXFrameworksBuildPhase;
			buildActionMask = 2147483647;
			files = (
			);
			runOnlyForDeploymentPostprocessing = 0;
		};
/* End PBXFrameworksBuildPhase section */

/* Begin PBXGroup section */
		BACA79C420EA62FB0028CFC9 = {
			isa = PBXGroup;
			children = (
				BACA79CF20EA62FB0028CFC9 /* AudioCloud */,
				BACA79CE20EA62FB0028CFC9 /* Products */,
				DBFC9B9F98FC3B5B008608CC /* Frameworks */,
			);
			sourceTree = "<group>";
		};
		BACA79CE20EA62FB0028CFC9 /* Products */ = {
			isa = PBXGroup;
			children = (
				BACA79CD20EA62FB0028CFC9 /* AudioCloud.app */,
			);
			name = Products;
			sourceTree = "<group>";
		};
		BACA79CF20EA62FB0028CFC9 /* AudioCloud */ = {
			isa = PBXGroup;
			children = (
				BACA79D020EA62FB0028CFC9 /* AppDelegate.swift */,
				BACA79D220EA62FB0028CFC9 /* ViewController.swift */,
				BACA79D420EA62FB0028CFC9 /* Main.storyboard */,
				BACA79D720EA62FC0028CFC9 /* Assets.xcassets */,
				BACA79D920EA62FC0028CFC9 /* LaunchScreen.storyboard */,
				BACA79DC20EA62FC0028CFC9 /* Info.plist */,
				BACA79EE20EBCF080028CFC9 /* PaddingLabel.swift */,
				BACA79F020EE73CC0028CFC9 /* AudioScrubberController.swift */,
				BA6D862420EEC412002653FD /* UIImageExtensions.swift */,
			);
			path = AudioCloud;
			sourceTree = "<group>";
		};
		DBFC9B9F98FC3B5B008608CC /* Frameworks */ = {
			isa = PBXGroup;
			children = (
			);
			name = Frameworks;
			sourceTree = "<group>";
		};
/* End PBXGroup section */

/* Begin PBXNativeTarget section */
		BACA79CC20EA62FB0028CFC9 /* AudioCloud */ = {
			isa = PBXNativeTarget;
			buildConfigurationList = BACA79DF20EA62FC0028CFC9 /* Build configuration list for PBXNativeTarget "AudioCloud" */;
			buildPhases = (
				BACA79C920EA62FB0028CFC9 /* Sources */,
				BACA79CA20EA62FB0028CFC9 /* Frameworks */,
				BACA79CB20EA62FB0028CFC9 /* Resources */,
			);
			buildRules = (
			);
			dependencies = (
			);
			name = AudioCloud;
			productName = AudioCloud;
			productReference = BACA79CD20EA62FB0028CFC9 /* AudioCloud.app */;
			productType = "com.apple.product-type.application";
		};
/* End PBXNativeTarget section */

/* Begin PBXProject section */
		BACA79C520EA62FB0028CFC9 /* Project object */ = {
			isa = PBXProject;
			attributes = {
				LastSwiftUpdateCheck = 0940;
				LastUpgradeCheck = 0940;
				ORGANIZATIONNAME = "Bright Mediums";
				TargetAttributes = {
					BACA79CC20EA62FB0028CFC9 = {
						CreatedOnToolsVersion = 9.4;
					};
				};
			};
			buildConfigurationList = BACA79C820EA62FB0028CFC9 /* Build configuration list for PBXProject "AudioCloud" */;
			compatibilityVersion = "Xcode 9.3";
			developmentRegion = en;
			hasScannedForEncodings = 0;
			knownRegions = (
				en,
				Base,
			);
			mainGroup = BACA79C420EA62FB0028CFC9;
			productRefGroup = BACA79CE20EA62FB0028CFC9 /* Products */;
			projectDirPath = "";
			projectRoot = "";
			targets = (
				BACA79CC20EA62FB0028CFC9 /* AudioCloud */,
			);
		};
/* End PBXProject section */

/* Begin PBXResourcesBuildPhase section */
		BACA79CB20EA62FB0028CFC9 /* Resources */ = {
			isa = PBXResourcesBuildPhase;
			buildActionMask = 2147483647;
			files = (
				BACA79DB20EA62FC0028CFC9 /* LaunchScreen.storyboard in Resources */,
				BACA79D820EA62FC0028CFC9 /* Assets.xcassets in Resources */,
				BACA79D620EA62FB0028CFC9 /* Main.storyboard in Resources */,
			);
			runOnlyForDeploymentPostprocessing = 0;
		};
/* End PBXResourcesBuildPhase section */

/* Begin PBXSourcesBuildPhase section */
		BACA79C920EA62FB0028CFC9 /* Sources */ = {
			isa = PBXSourcesBuildPhase;
			buildActionMask = 2147483647;
			files = (
				BACA79EF20EBCF080028CFC9 /* PaddingLabel.swift in Sources */,
				BACA79F120EE73CC0028CFC9 /* AudioScrubberController.swift in Sources */,
				BA6D862520EEC412002653FD /* UIImageExtensions.swift in Sources */,
				BACA79D320EA62FB0028CFC9 /* ViewController.swift in Sources */,
				BACA79D120EA62FB0028CFC9 /* AppDelegate.swift in Sources */,
			);
			runOnlyForDeploymentPostprocessing = 0;
		};
/* End PBXSourcesBuildPhase section */

/* Begin PBXVariantGroup section */
		BACA79D420EA62FB0028CFC9 /* Main.storyboard */ = {
			isa = PBXVariantGroup;
			children = (
				BACA79D520EA62FB0028CFC9 /* Base */,
			);
			name = Main.storyboard;
			sourceTree = "<group>";
		};
		BACA79D920EA62FC0028CFC9 /* LaunchScreen.storyboard */ = {
			isa = PBXVariantGroup;
			children = (
				BACA79DA20EA62FC0028CFC9 /* Base */,
			);
			name = LaunchScreen.storyboard;
			sourceTree = "<group>";
		};
/* End PBXVariantGroup section */

/* Begin XCBuildConfiguration section */
		BACA79DD20EA62FC0028CFC9 /* Debug */ = {
			isa = XCBuildConfiguration;
			buildSettings = {
				ALWAYS_SEARCH_USER_PATHS = NO;
				CLANG_ANALYZER_NONNULL = YES;
				CLANG_ANALYZER_NUMBER_OBJECT_CONVERSION = YES_AGGRESSIVE;
				CLANG_CXX_LANGUAGE_STANDARD = "gnu++14";
				CLANG_CXX_LIBRARY = "libc++";
				CLANG_ENABLE_MODULES = YES;
				CLANG_ENABLE_OBJC_ARC = YES;
				CLANG_ENABLE_OBJC_WEAK = YES;
				CLANG_WARN_BLOCK_CAPTURE_AUTORELEASING = YES;
				CLANG_WARN_BOOL_CONVERSION = YES;
				CLANG_WARN_COMMA = YES;
				CLANG_WARN_CONSTANT_CONVERSION = YES;
				CLANG_WARN_DEPRECATED_OBJC_IMPLEMENTATIONS = YES;
				CLANG_WARN_DIRECT_OBJC_ISA_USAGE = YES_ERROR;
				CLANG_WARN_DOCUMENTATION_COMMENTS = YES;
				CLANG_WARN_EMPTY_BODY = YES;
				CLANG_WARN_ENUM_CONVERSION = YES;
				CLANG_WARN_INFINITE_RECURSION = YES;
				CLANG_WARN_INT_CONVERSION = YES;
				CLANG_WARN_NON_LITERAL_NULL_CONVERSION = YES;
				CLANG_WARN_OBJC_IMPLICIT_RETAIN_SELF = YES;
				CLANG_WARN_OBJC_LITERAL_CONVERSION = YES;
				CLANG_WARN_OBJC_ROOT_CLASS = YES_ERROR;
				CLANG_WARN_RANGE_LOOP_ANALYSIS = YES;
				CLANG_WARN_STRICT_PROTOTYPES = YES;
				CLANG_WARN_SUSPICIOUS_MOVE = YES;
				CLANG_WARN_UNGUARDED_AVAILABILITY = YES_AGGRESSIVE;
				CLANG_WARN_UNREACHABLE_CODE = YES;
				CLANG_WARN__DUPLICATE_METHOD_MATCH = YES;
				CODE_SIGN_IDENTITY = "iPhone Developer";
				COPY_PHASE_STRIP = NO;
				DEBUG_INFORMATION_FORMAT = dwarf;
				ENABLE_STRICT_OBJC_MSGSEND = YES;
				ENABLE_TESTABILITY = YES;
				GCC_C_LANGUAGE_STANDARD = gnu11;
				GCC_DYNAMIC_NO_PIC = NO;
				GCC_NO_COMMON_BLOCKS = YES;
				GCC_OPTIMIZATION_LEVEL = 0;
				GCC_PREPROCESSOR_DEFINITIONS = (
					"DEBUG=1",
					"$(inherited)",
				);
				GCC_WARN_64_TO_32_BIT_CONVERSION = YES;
				GCC_WARN_ABOUT_RETURN_TYPE = YES_ERROR;
				GCC_WARN_UNDECLARED_SELECTOR = YES;
				GCC_WARN_UNINITIALIZED_AUTOS = YES_AGGRESSIVE;
				GCC_WARN_UNUSED_FUNCTION = YES;
				GCC_WARN_UNUSED_VARIABLE = YES;
				IPHONEOS_DEPLOYMENT_TARGET = 11.4;
				MTL_ENABLE_DEBUG_INFO = YES;
				ONLY_ACTIVE_ARCH = YES;
				SDKROOT = iphoneos;
				SWIFT_ACTIVE_COMPILATION_CONDITIONS = DEBUG;
				SWIFT_OPTIMIZATION_LEVEL = "-Onone";
			};
			name = Debug;
		};
		BACA79DE20EA62FC0028CFC9 /* Release */ = {
			isa = XCBuildConfiguration;
			buildSettings = {
				ALWAYS_SEARCH_USER_PATHS = NO;
				CLANG_ANALYZER_NONNULL = YES;
				CLANG_ANALYZER_NUMBER_OBJECT_CONVERSION = YES_AGGRESSIVE;
				CLANG_CXX_LANGUAGE_STANDARD = "gnu++14";
				CLANG_CXX_LIBRARY = "libc++";
				CLANG_ENABLE_MODULES = YES;
				CLANG_ENABLE_OBJC_ARC = YES;
				CLANG_ENABLE_OBJC_WEAK = YES;
				CLANG_WARN_BLOCK_CAPTURE_AUTORELEASING = YES;
				CLANG_WARN_BOOL_CONVERSION = YES;
				CLANG_WARN_COMMA = YES;
				CLANG_WARN_CONSTANT_CONVERSION = YES;
				CLANG_WARN_DEPRECATED_OBJC_IMPLEMENTATIONS = YES;
				CLANG_WARN_DIRECT_OBJC_ISA_USAGE = YES_ERROR;
				CLANG_WARN_DOCUMENTATION_COMMENTS = YES;
				CLANG_WARN_EMPTY_BODY = YES;
				CLANG_WARN_ENUM_CONVERSION = YES;
				CLANG_WARN_INFINITE_RECURSION = YES;
				CLANG_WARN_INT_CONVERSION = YES;
				CLANG_WARN_NON_LITERAL_NULL_CONVERSION = YES;
				CLANG_WARN_OBJC_IMPLICIT_RETAIN_SELF = YES;
				CLANG_WARN_OBJC_LITERAL_CONVERSION = YES;
				CLANG_WARN_OBJC_ROOT_CLASS = YES_ERROR;
				CLANG_WARN_RANGE_LOOP_ANALYSIS = YES;
				CLANG_WARN_STRICT_PROTOTYPES = YES;
				CLANG_WARN_SUSPICIOUS_MOVE = YES;
				CLANG_WARN_UNGUARDED_AVAILABILITY = YES_AGGRESSIVE;
				CLANG_WARN_UNREACHABLE_CODE = YES;
				CLANG_WARN__DUPLICATE_METHOD_MATCH = YES;
				CODE_SIGN_IDENTITY = "iPhone Developer";
				COPY_PHASE_STRIP = NO;
				DEBUG_INFORMATION_FORMAT = "dwarf-with-dsym";
				ENABLE_NS_ASSERTIONS = NO;
				ENABLE_STRICT_OBJC_MSGSEND = YES;
				GCC_C_LANGUAGE_STANDARD = gnu11;
				GCC_NO_COMMON_BLOCKS = YES;
				GCC_WARN_64_TO_32_BIT_CONVERSION = YES;
				GCC_WARN_ABOUT_RETURN_TYPE = YES_ERROR;
				GCC_WARN_UNDECLARED_SELECTOR = YES;
				GCC_WARN_UNINITIALIZED_AUTOS = YES_AGGRESSIVE;
				GCC_WARN_UNUSED_FUNCTION = YES;
				GCC_WARN_UNUSED_VARIABLE = YES;
				IPHONEOS_DEPLOYMENT_TARGET = 11.4;
				MTL_ENABLE_DEBUG_INFO = NO;
				SDKROOT = iphoneos;
				SWIFT_COMPILATION_MODE = wholemodule;
				SWIFT_OPTIMIZATION_LEVEL = "-O";
				VALIDATE_PRODUCT = YES;
			};
			name = Release;
		};
		BACA79E020EA62FC0028CFC9 /* Debug */ = {
			isa = XCBuildConfiguration;
			buildSettings = {
				ASSETCATALOG_COMPILER_APPICON_NAME = AppIcon;
				CODE_SIGN_STYLE = Automatic;
				DEVELOPMENT_TEAM = PVR9HX5Y9T;
				INFOPLIST_FILE = AudioCloud/Info.plist;
				IPHONEOS_DEPLOYMENT_TARGET = 10.0;
				LD_RUNPATH_SEARCH_PATHS = (
					"$(inherited)",
					"@executable_path/Frameworks",
				);
				PRODUCT_BUNDLE_IDENTIFIER = com.brightmediums.AudioCloud;
				PRODUCT_NAME = "$(TARGET_NAME)";
				SWIFT_VERSION = 4.0;
				TARGETED_DEVICE_FAMILY = "1,2";
			};
			name = Debug;
		};
		BACA79E120EA62FC0028CFC9 /* Release */ = {
			isa = XCBuildConfiguration;
			buildSettings = {
				ASSETCATALOG_COMPILER_APPICON_NAME = AppIcon;
				CODE_SIGN_STYLE = Automatic;
				DEVELOPMENT_TEAM = PVR9HX5Y9T;
				INFOPLIST_FILE = AudioCloud/Info.plist;
				IPHONEOS_DEPLOYMENT_TARGET = 10.0;
				LD_RUNPATH_SEARCH_PATHS = (
					"$(inherited)",
					"@executable_path/Frameworks",
				);
				PRODUCT_BUNDLE_IDENTIFIER = com.brightmediums.AudioCloud;
				PRODUCT_NAME = "$(TARGET_NAME)";
				SWIFT_VERSION = 4.0;
				TARGETED_DEVICE_FAMILY = "1,2";
			};
			name = Release;
		};
/* End XCBuildConfiguration section */

/* Begin XCConfigurationList section */
		BACA79C820EA62FB0028CFC9 /* Build configuration list for PBXProject "AudioCloud" */ = {
			isa = XCConfigurationList;
			buildConfigurations = (
				BACA79DD20EA62FC0028CFC9 /* Debug */,
				BACA79DE20EA62FC0028CFC9 /* Release */,
			);
			defaultConfigurationIsVisible = 0;
			defaultConfigurationName = Release;
		};
		BACA79DF20EA62FC0028CFC9 /* Build configuration list for PBXNativeTarget "AudioCloud" */ = {
			isa = XCConfigurationList;
			buildConfigurations = (
				BACA79E020EA62FC0028CFC9 /* Debug */,
				BACA79E120EA62FC0028CFC9 /* Release */,
			);
			defaultConfigurationIsVisible = 0;
			defaultConfigurationName = Release;
		};
/* End XCConfigurationList section */
	};
	rootObject = BACA79C520EA62FB0028CFC9 /* Project object */;
}
